
Microsoft Visual Studio Solution File, Format Version 12.00
# Visual Studio 2012
Project("{FAE04EC0-301F-11D3-BF4B-00C04F79EFBC}") = "HMSJSON", "HMSJSON\HMSJSON.csproj", "{92899620-9829-46B2-B3C0-F604EF3C9851}"
EndProject
Global
	GlobalSection(SolutionConfigurationPlatforms) = preSolution
		Debug|x86 = Debug|x86
		Release|x86 = Release|x86
	EndGlobalSection
	GlobalSection(ProjectConfigurationPlatforms) = postSolution
		{92899620-9829-46B2-B3C0-F604EF3C9851}.Debug|x86.ActiveCfg = Debug|x86
		{92899620-9829-46B2-B3C0-F604EF3C9851}.Debug|x86.Build.0 = Debug|x86
		{92899620-9829-46B2-B3C0-F604EF3C9851}.Release|x86.ActiveCfg = Release|x86
		{92899620-9829-46B2-B3C0-F604EF3C9851}.Release|x86.Build.0 = Release|x86
	EndGlobalSection
EndGlobal
